{
  "name": "hyperapp-devtools",
  "version": "0.1.0",
  "lockfileVersion": 1,
  "requires": true,
  "dependencies": {
    "hyperapp": {
      "version": "1.2.1",
      "resolved": "https://registry.npmjs.org/hyperapp/-/hyperapp-1.2.1.tgz",
      "integrity": "sha512-sAroMeV2zS6A3/qsmpv86TNDdNo3d1YvrDRRfn0IJjDvkylNmSgRN7r+bwFFxG8zGMmF4HuQz7fp7uMwNDp6ew=="
    },
    "typescript": {
      "version": "2.7.2",
      "resolved": "https://registry.npmjs.org/typescript/-/typescript-2.7.2.tgz",
      "integrity": "sha512-p5TCYZDAO0m4G344hD+wx/LATebLWZNkkh2asWUFqSsD2OrDNhbAHuSjobrmsUmdzjJjEeZVU9g1h3O6vpstnw==",
      "dev": true
    }
  }
}
